
Microsoft Visual Studio Solution File, Format Version 12.00
# Visual Studio Version 17
VisualStudioVersion = 17.9.34723.18
MinimumVisualStudioVersion = 10.0.40219.1
Project("{FAE04EC0-301F-11D3-BF4B-00C04F79EFBC}") = "candidate.api", "candidate.api.csproj", "{F802F106-051B-4FC5-8DD9-4F8A7ACA15C0}"
EndProject
Global
	GlobalSection(SolutionConfigurationPlatforms) = preSolution
		Debug|Any CPU = Debug|Any CPU
		Release|Any CPU = Release|Any CPU
	EndGlobalSection
	GlobalSection(ProjectConfigurationPlatforms) = postSolution
		{F802F106-051B-4FC5-8DD9-4F8A7ACA15C0}.Debug|Any CPU.ActiveCfg = Debug|Any CPU
		{F802F106-051B-4FC5-8DD9-4F8A7ACA15C0}.Debug|Any CPU.Build.0 = Debug|Any CPU
		{F802F106-051B-4FC5-8DD9-4F8A7ACA15C0}.Release|Any CPU.ActiveCfg = Release|Any CPU
		{F802F106-051B-4FC5-8DD9-4F8A7ACA15C0}.Release|Any CPU.Build.0 = Release|Any CPU
	EndGlobalSection
	GlobalSection(SolutionProperties) = preSolution
		HideSolutionNode = FALSE
	EndGlobalSection
	GlobalSection(ExtensibilityGlobals) = postSolution
		SolutionGuid = {782EDEE5-9AA0-4BAC-ABC5-8592CA940AD7}
	EndGlobalSection
EndGlobal
